# This file is automatically @generated by Cargo.
# It is not intended for manual editing.
version = 4

[[package]]
name = "fotw"
version = "0.1.0"

[[package]]
name = "fotw-audio"
version = "0.1.0"

[[package]]
name = "fotw-pipeline"
version = "0.1.0"

[[package]]
name = "fotw-secrets"
version = "0.1.0"

[[package]]
name = "fotw-store"
version = "0.1.0"

[[package]]
name = "fotw-stt"
version = "0.1.0"

[[package]]
name = "fotw-summarize"
version = "0.1.0"

[[package]]
name = "fotwd"
version = "0.1.0"
